
Microsoft Visual Studio Solution File, Format Version 12.00
# Visual Studio Version 16
VisualStudioVersion = 16.0.31829.152
MinimumVisualStudioVersion = 10.0.40219.1
Project("{9A19103F-16F7-4668-BE54-9A1E7A4F7556}") = "SocialNetworkGFL", "SocialNetworkGFL\SocialNetworkGFL.csproj", "{78FB6BE0-4D6E-4757-B164-310FC6985F9A}"
EndProject
Project("{9A19103F-16F7-4668-BE54-9A1E7A4F7556}") = "Domain", "Domain\Domain.csproj", "{8FBB2CCA-3D36-4A0E-AF54-BA9B77601573}"
EndProject
Project("{9A19103F-16F7-4668-BE54-9A1E7A4F7556}") = "BusinessLogic", "BusinessLogic\BusinessLogic.csproj", "{F22C43C2-F452-4992-A398-50E64F03C648}"
EndProject
Project("{FAE04EC0-301F-11D3-BF4B-00C04F79EFBC}") = "SocialNetworkGFL.Tests", "SocialNetworkGFL.Tests\SocialNetworkGFL.Tests.csproj", "{E59470AC-E447-49F5-80A4-04BEDEF71140}"
EndProject
Global
	GlobalSection(SolutionConfigurationPlatforms) = preSolution
		Debug|Any CPU = Debug|Any CPU
		Release|Any CPU = Release|Any CPU
	EndGlobalSection
	GlobalSection(ProjectConfigurationPlatforms) = postSolution
		{78FB6BE0-4D6E-4757-B164-310FC6985F9A}.Debug|Any CPU.ActiveCfg = Debug|Any CPU
		{78FB6BE0-4D6E-4757-B164-310FC6985F9A}.Debug|Any CPU.Build.0 = Debug|Any CPU
		{78FB6BE0-4D6E-4757-B164-310FC6985F9A}.Release|Any CPU.ActiveCfg = Release|Any CPU
		{78FB6BE0-4D6E-4757-B164-310FC6985F9A}.Release|Any CPU.Build.0 = Release|Any CPU
		{8FBB2CCA-3D36-4A0E-AF54-BA9B77601573}.Debug|Any CPU.ActiveCfg = Debug|Any CPU
		{8FBB2CCA-3D36-4A0E-AF54-BA9B77601573}.Debug|Any CPU.Build.0 = Debug|Any CPU
		{8FBB2CCA-3D36-4A0E-AF54-BA9B77601573}.Release|Any CPU.ActiveCfg = Release|Any CPU
		{8FBB2CCA-3D36-4A0E-AF54-BA9B77601573}.Release|Any CPU.Build.0 = Release|Any CPU
		{F22C43C2-F452-4992-A398-50E64F03C648}.Debug|Any CPU.ActiveCfg = Debug|Any CPU
		{F22C43C2-F452-4992-A398-50E64F03C648}.Debug|Any CPU.Build.0 = Debug|Any CPU
		{F22C43C2-F452-4992-A398-50E64F03C648}.Release|Any CPU.ActiveCfg = Release|Any CPU
		{F22C43C2-F452-4992-A398-50E64F03C648}.Release|Any CPU.Build.0 = Release|Any CPU
		{E59470AC-E447-49F5-80A4-04BEDEF71140}.Debug|Any CPU.ActiveCfg = Debug|Any CPU
		{E59470AC-E447-49F5-80A4-04BEDEF71140}.Debug|Any CPU.Build.0 = Debug|Any CPU
		{E59470AC-E447-49F5-80A4-04BEDEF71140}.Release|Any CPU.ActiveCfg = Release|Any CPU
		{E59470AC-E447-49F5-80A4-04BEDEF71140}.Release|Any CPU.Build.0 = Release|Any CPU
	EndGlobalSection
	GlobalSection(SolutionProperties) = preSolution
		HideSolutionNode = FALSE
	EndGlobalSection
	GlobalSection(ExtensibilityGlobals) = postSolution
		SolutionGuid = {BD6DB84F-A16F-4903-8F02-8219620EF82D}
	EndGlobalSection
EndGlobal
